
Microsoft Visual Studio Solution File, Format Version 12.00
# Visual Studio Version 16
VisualStudioVersion = 16.0.29209.62
MinimumVisualStudioVersion = 10.0.40219.1
Project("{FAE04EC0-301F-11D3-BF4B-00C04F79EFBC}") = "cSharp - TicTacToe", "cSharp - TicTacToe.csproj", "{1787AA16-2B01-4E20-BEDD-788572892166}"
EndProject
Global
	GlobalSection(SolutionConfigurationPlatforms) = preSolution
		Debug|Any CPU = Debug|Any CPU
		Release|Any CPU = Release|Any CPU
	EndGlobalSection
	GlobalSection(ProjectConfigurationPlatforms) = postSolution
		{1787AA16-2B01-4E20-BEDD-788572892166}.Debug|Any CPU.ActiveCfg = Debug|Any CPU
		{1787AA16-2B01-4E20-BEDD-788572892166}.Debug|Any CPU.Build.0 = Debug|Any CPU
		{1787AA16-2B01-4E20-BEDD-788572892166}.Release|Any CPU.ActiveCfg = Release|Any CPU
		{1787AA16-2B01-4E20-BEDD-788572892166}.Release|Any CPU.Build.0 = Release|Any CPU
	EndGlobalSection
	GlobalSection(SolutionProperties) = preSolution
		HideSolutionNode = FALSE
	EndGlobalSection
	GlobalSection(ExtensibilityGlobals) = postSolution
		SolutionGuid = {209A8DF6-8618-4549-A133-BF8E589BC202}
	EndGlobalSection
EndGlobal
